{
  "name": "agent-river",
  "version": "0.1.0",
  "lockfileVersion": 3,
  "requires": true,
  "packages": {
    "": {
      "name": "agent-river",
      "version": "0.1.0",
      "license": "MIT",
      "dependencies": {
        "codex-memory-river": "file:../codex-memory-river"
      },
      "bin": {
        "codex-agent": "bin/codex-agent.js"
      },
      "engines": {
        "node": ">=20"
      }
    },
    "../codex-memory-river": {
      "version": "1.0.0-rc.1",
      "license": "MIT",
      "bin": {
        "codex-memory": "bin/codex-memory.js"
      },
      "engines": {
        "node": ">=20"
      }
    },
    "node_modules/codex-memory-river": {
      "resolved": "../codex-memory-river",
      "link": true
    }
  }
}
