{
  "name": "agent-river",
  "version": "0.3.0",
  "lockfileVersion": 3,
  "requires": true,
  "packages": {
    "": {
      "name": "agent-river",
      "version": "0.3.0",
      "license": "MIT",
      "bin": {
        "agent-river": "./bin/codex-agent.js",
        "codex-agent": "bin/codex-agent.js"
      },
      "engines": {
        "node": ">=20"
      }
    }
  }
}
